
Microsoft Visual Studio Solution File, Format Version 12.00
# Visual Studio Version 17
VisualStudioVersion = 17.5.002.0
MinimumVisualStudioVersion = 10.0.40219.1
Project("{9A19103F-16F7-4668-BE54-9A1E7A4F7556}") = "LibraryCatalog", "LibraryCatalog.csproj", "{DC6F1092-7F7C-414A-A872-29FFCC42EC88}"
EndProject
Global
	GlobalSection(SolutionConfigurationPlatforms) = preSolution
		Debug|Any CPU = Debug|Any CPU
		Release|Any CPU = Release|Any CPU
	EndGlobalSection
	GlobalSection(ProjectConfigurationPlatforms) = postSolution
		{DC6F1092-7F7C-414A-A872-29FFCC42EC88}.Debug|Any CPU.ActiveCfg = Debug|Any CPU
		{DC6F1092-7F7C-414A-A872-29FFCC42EC88}.Debug|Any CPU.Build.0 = Debug|Any CPU
		{DC6F1092-7F7C-414A-A872-29FFCC42EC88}.Release|Any CPU.ActiveCfg = Release|Any CPU
		{DC6F1092-7F7C-414A-A872-29FFCC42EC88}.Release|Any CPU.Build.0 = Release|Any CPU
	EndGlobalSection
	GlobalSection(SolutionProperties) = preSolution
		HideSolutionNode = FALSE
	EndGlobalSection
	GlobalSection(ExtensibilityGlobals) = postSolution
		SolutionGuid = {7EF0900D-A604-48EB-877F-46AC0E060E0E}
	EndGlobalSection
EndGlobal
